
Microsoft Visual Studio Solution File, Format Version 12.00
# Visual Studio Version 16
VisualStudioVersion = 16.0.30330.147
MinimumVisualStudioVersion = 10.0.40219.1
Project("{FAE04EC0-301F-11D3-BF4B-00C04F79EFBC}") = "App9.UWP", "App9\App9.UWP\App9.UWP.csproj", "{3A3359E6-4D93-4E87-8B11-95260B85837C}"
EndProject
Project("{FAE04EC0-301F-11D3-BF4B-00C04F79EFBC}") = "App9.Android", "App9\App9.Android\App9.Android.csproj", "{75125BFD-C87B-40F0-8B2B-F5B03E55263C}"
EndProject
Project("{FAE04EC0-301F-11D3-BF4B-00C04F79EFBC}") = "App9.iOS", "App9\App9.iOS\App9.iOS.csproj", "{5B62B194-6CB2-412A-805B-E21A92953663}"
EndProject
Project("{FAE04EC0-301F-11D3-BF4B-00C04F79EFBC}") = "App9", "App9\App9\App9.csproj", "{26E28391-FC35-49C5-80E6-42FD0AE93723}"
EndProject
Global
	GlobalSection(SolutionConfigurationPlatforms) = preSolution
		Debug|Any CPU = Debug|Any CPU
		Debug|ARM = Debug|ARM
		Debug|iPhone = Debug|iPhone
		Debug|iPhoneSimulator = Debug|iPhoneSimulator
		Debug|x64 = Debug|x64
		Debug|x86 = Debug|x86
		Release|Any CPU = Release|Any CPU
		Release|ARM = Release|ARM
		Release|iPhone = Release|iPhone
		Release|iPhoneSimulator = Release|iPhoneSimulator
		Release|x64 = Release|x64
		Release|x86 = Release|x86
	EndGlobalSection
	GlobalSection(ProjectConfigurationPlatforms) = postSolution
		{3A3359E6-4D93-4E87-8B11-95260B85837C}.Debug|Any CPU.ActiveCfg = Debug|x86
		{3A3359E6-4D93-4E87-8B11-95260B85837C}.Debug|Any CPU.Build.0 = Debug|x86
		{3A3359E6-4D93-4E87-8B11-95260B85837C}.Debug|Any CPU.Deploy.0 = Debug|x86
		{3A3359E6-4D93-4E87-8B11-95260B85837C}.Debug|ARM.ActiveCfg = Debug|ARM
		{3A3359E6-4D93-4E87-8B11-95260B85837C}.Debug|ARM.Build.0 = Debug|ARM
		{3A3359E6-4D93-4E87-8B11-95260B85837C}.Debug|ARM.Deploy.0 = Debug|ARM
		{3A3359E6-4D93-4E87-8B11-95260B85837C}.Debug|iPhone.ActiveCfg = Debug|x86
		{3A3359E6-4D93-4E87-8B11-95260B85837C}.Debug|iPhone.Build.0 = Debug|x86
		{3A3359E6-4D93-4E87-8B11-95260B85837C}.Debug|iPhone.Deploy.0 = Debug|x86
		{3A3359E6-4D93-4E87-8B11-95260B85837C}.Debug|iPhoneSimulator.ActiveCfg = Debug|x86
		{3A3359E6-4D93-4E87-8B11-95260B85837C}.Debug|iPhoneSimulator.Build.0 = Debug|x86
		{3A3359E6-4D93-4E87-8B11-95260B85837C}.Debug|iPhoneSimulator.Deploy.0 = Debug|x86
		{3A3359E6-4D93-4E87-8B11-95260B85837C}.Debug|x64.ActiveCfg = Debug|x64
		{3A3359E6-4D93-4E87-8B11-95260B85837C}.Debug|x64.Build.0 = Debug|x64
		{3A3359E6-4D93-4E87-8B11-95260B85837C}.Debug|x64.Deploy.0 = Debug|x64
		{3A3359E6-4D93-4E87-8B11-95260B85837C}.Debug|x86.ActiveCfg = Debug|x86
		{3A3359E6-4D93-4E87-8B11-95260B85837C}.Debug|x86.Build.0 = Debug|x86
		{3A3359E6-4D93-4E87-8B11-95260B85837C}.Debug|x86.Deploy.0 = Debug|x86
		{3A3359E6-4D93-4E87-8B11-95260B85837C}.Release|Any CPU.ActiveCfg = Release|x86
		{3A3359E6-4D93-4E87-8B11-95260B85837C}.Release|Any CPU.Build.0 = Release|x86
		{3A3359E6-4D93-4E87-8B11-95260B85837C}.Release|Any CPU.Deploy.0 = Release|x86
		{3A3359E6-4D93-4E87-8B11-95260B85837C}.Release|ARM.ActiveCfg = Release|ARM
		{3A3359E6-4D93-4E87-8B11-95260B85837C}.Release|ARM.Build.0 = Release|ARM
		{3A3359E6-4D93-4E87-8B11-95260B85837C}.Release|ARM.Deploy.0 = Release|ARM
		{3A3359E6-4D93-4E87-8B11-95260B85837C}.Release|iPhone.ActiveCfg = Release|x86
		{3A3359E6-4D93-4E87-8B11-95260B85837C}.Release|iPhone.Build.0 = Release|x86
		{3A3359E6-4D93-4E87-8B11-95260B85837C}.Release|iPhone.Deploy.0 = Release|x86
		{3A3359E6-4D93-4E87-8B11-95260B85837C}.Release|iPhoneSimulator.ActiveCfg = Release|x86
		{3A3359E6-4D93-4E87-8B11-95260B85837C}.Release|iPhoneSimulator.Build.0 = Release|x86
		{3A3359E6-4D93-4E87-8B11-95260B85837C}.Release|iPhoneSimulator.Deploy.0 = Release|x86
		{3A3359E6-4D93-4E87-8B11-95260B85837C}.Release|x64.ActiveCfg = Release|x64
		{3A3359E6-4D93-4E87-8B11-95260B85837C}.Release|x64.Build.0 = Release|x64
		{3A3359E6-4D93-4E87-8B11-95260B85837C}.Release|x64.Deploy.0 = Release|x64
		{3A3359E6-4D93-4E87-8B11-95260B85837C}.Release|x86.ActiveCfg = Release|x86
		{3A3359E6-4D93-4E87-8B11-95260B85837C}.Release|x86.Build.0 = Release|x86
		{3A3359E6-4D93-4E87-8B11-95260B85837C}.Release|x86.Deploy.0 = Release|x86
		{75125BFD-C87B-40F0-8B2B-F5B03E55263C}.Debug|Any CPU.ActiveCfg = Debug|Any CPU
		{75125BFD-C87B-40F0-8B2B-F5B03E55263C}.Debug|Any CPU.Build.0 = Debug|Any CPU
		{75125BFD-C87B-40F0-8B2B-F5B03E55263C}.Debug|Any CPU.Deploy.0 = Debug|Any CPU
		{75125BFD-C87B-40F0-8B2B-F5B03E55263C}.Debug|ARM.ActiveCfg = Debug|Any CPU
		{75125BFD-C87B-40F0-8B2B-F5B03E55263C}.Debug|ARM.Build.0 = Debug|Any CPU
		{75125BFD-C87B-40F0-8B2B-F5B03E55263C}.Debug|ARM.Deploy.0 = Debug|Any CPU
		{75125BFD-C87B-40F0-8B2B-F5B03E55263C}.Debug|iPhone.ActiveCfg = Debug|Any CPU
		{75125BFD-C87B-40F0-8B2B-F5B03E55263C}.Debug|iPhone.Build.0 = Debug|Any CPU
		{75125BFD-C87B-40F0-8B2B-F5B03E55263C}.Debug|iPhone.Deploy.0 = Debug|Any CPU
		{75125BFD-C87B-40F0-8B2B-F5B03E55263C}.Debug|iPhoneSimulator.ActiveCfg = Debug|Any CPU
		{75125BFD-C87B-40F0-8B2B-F5B03E55263C}.Debug|iPhoneSimulator.Build.0 = Debug|Any CPU
		{75125BFD-C87B-40F0-8B2B-F5B03E55263C}.Debug|iPhoneSimulator.Deploy.0 = Debug|Any CPU
		{75125BFD-C87B-40F0-8B2B-F5B03E55263C}.Debug|x64.ActiveCfg = Debug|Any CPU
		{75125BFD-C87B-40F0-8B2B-F5B03E55263C}.Debug|x64.Build.0 = Debug|Any CPU
		{75125BFD-C87B-40F0-8B2B-F5B03E55263C}.Debug|x64.Deploy.0 = Debug|Any CPU
		{75125BFD-C87B-40F0-8B2B-F5B03E55263C}.Debug|x86.ActiveCfg = Debug|Any CPU
		{75125BFD-C87B-40F0-8B2B-F5B03E55263C}.Debug|x86.Build.0 = Debug|Any CPU
		{75125BFD-C87B-40F0-8B2B-F5B03E55263C}.Debug|x86.Deploy.0 = Debug|Any CPU
		{75125BFD-C87B-40F0-8B2B-F5B03E55263C}.Release|Any CPU.ActiveCfg = Release|Any CPU
		{75125BFD-C87B-40F0-8B2B-F5B03E55263C}.Release|Any CPU.Build.0 = Release|Any CPU
		{75125BFD-C87B-40F0-8B2B-F5B03E55263C}.Release|Any CPU.Deploy.0 = Release|Any CPU
		{75125BFD-C87B-40F0-8B2B-F5B03E55263C}.Release|ARM.ActiveCfg = Release|Any CPU
		{75125BFD-C87B-40F0-8B2B-F5B03E55263C}.Release|ARM.Build.0 = Release|Any CPU
		{75125BFD-C87B-40F0-8B2B-F5B03E55263C}.Release|ARM.Deploy.0 = Release|Any CPU
		{75125BFD-C87B-40F0-8B2B-F5B03E55263C}.Release|iPhone.ActiveCfg = Release|Any CPU
		{75125BFD-C87B-40F0-8B2B-F5B03E55263C}.Release|iPhone.Build.0 = Release|Any CPU
		{75125BFD-C87B-40F0-8B2B-F5B03E55263C}.Release|iPhone.Deploy.0 = Release|Any CPU
		{75125BFD-C87B-40F0-8B2B-F5B03E55263C}.Release|iPhoneSimulator.ActiveCfg = Release|Any CPU
		{75125BFD-C87B-40F0-8B2B-F5B03E55263C}.Release|iPhoneSimulator.Build.0 = Release|Any CPU
		{75125BFD-C87B-40F0-8B2B-F5B03E55263C}.Release|iPhoneSimulator.Deploy.0 = Release|Any CPU
		{75125BFD-C87B-40F0-8B2B-F5B03E55263C}.Release|x64.ActiveCfg = Release|Any CPU
		{75125BFD-C87B-40F0-8B2B-F5B03E55263C}.Release|x64.Build.0 = Release|Any CPU
		{75125BFD-C87B-40F0-8B2B-F5B03E55263C}.Release|x64.Deploy.0 = Release|Any CPU
		{75125BFD-C87B-40F0-8B2B-F5B03E55263C}.Release|x86.ActiveCfg = Release|Any CPU
		{75125BFD-C87B-40F0-8B2B-F5B03E55263C}.Release|x86.Build.0 = Release|Any CPU
		{75125BFD-C87B-40F0-8B2B-F5B03E55263C}.Release|x86.Deploy.0 = Release|Any CPU
		{5B62B194-6CB2-412A-805B-E21A92953663}.Debug|Any CPU.ActiveCfg = Debug|iPhone
		{5B62B194-6CB2-412A-805B-E21A92953663}.Debug|Any CPU.Build.0 = Debug|iPhone
		{5B62B194-6CB2-412A-805B-E21A92953663}.Debug|Any CPU.Deploy.0 = Debug|iPhone
		{5B62B194-6CB2-412A-805B-E21A92953663}.Debug|ARM.ActiveCfg = Debug|iPhone
		{5B62B194-6CB2-412A-805B-E21A92953663}.Debug|ARM.Build.0 = Debug|iPhone
		{5B62B194-6CB2-412A-805B-E21A92953663}.Debug|ARM.Deploy.0 = Debug|iPhone
		{5B62B194-6CB2-412A-805B-E21A92953663}.Debug|iPhone.ActiveCfg = Debug|iPhone
		{5B62B194-6CB2-412A-805B-E21A92953663}.Debug|iPhone.Build.0 = Debug|iPhone
		{5B62B194-6CB2-412A-805B-E21A92953663}.Debug|iPhone.Deploy.0 = Debug|iPhone
		{5B62B194-6CB2-412A-805B-E21A92953663}.Debug|iPhoneSimulator.ActiveCfg = Debug|iPhoneSimulator
		{5B62B194-6CB2-412A-805B-E21A92953663}.Debug|iPhoneSimulator.Build.0 = Debug|iPhoneSimulator
		{5B62B194-6CB2-412A-805B-E21A92953663}.Debug|iPhoneSimulator.Deploy.0 = Debug|iPhoneSimulator
		{5B62B194-6CB2-412A-805B-E21A92953663}.Debug|x64.ActiveCfg = Debug|iPhone
		{5B62B194-6CB2-412A-805B-E21A92953663}.Debug|x64.Build.0 = Debug|iPhone
		{5B62B194-6CB2-412A-805B-E21A92953663}.Debug|x64.Deploy.0 = Debug|iPhone
		{5B62B194-6CB2-412A-805B-E21A92953663}.Debug|x86.ActiveCfg = Debug|iPhone
		{5B62B194-6CB2-412A-805B-E21A92953663}.Debug|x86.Build.0 = Debug|iPhone
		{5B62B194-6CB2-412A-805B-E21A92953663}.Debug|x86.Deploy.0 = Debug|iPhone
		{5B62B194-6CB2-412A-805B-E21A92953663}.Release|Any CPU.ActiveCfg = Release|iPhone
		{5B62B194-6CB2-412A-805B-E21A92953663}.Release|Any CPU.Build.0 = Release|iPhone
		{5B62B194-6CB2-412A-805B-E21A92953663}.Release|Any CPU.Deploy.0 = Release|iPhone
		{5B62B194-6CB2-412A-805B-E21A92953663}.Release|ARM.ActiveCfg = Release|iPhone
		{5B62B194-6CB2-412A-805B-E21A92953663}.Release|ARM.Build.0 = Release|iPhone
		{5B62B194-6CB2-412A-805B-E21A92953663}.Release|ARM.Deploy.0 = Release|iPhone
		{5B62B194-6CB2-412A-805B-E21A92953663}.Release|iPhone.ActiveCfg = Release|iPhone
		{5B62B194-6CB2-412A-805B-E21A92953663}.Release|iPhone.Build.0 = Release|iPhone
		{5B62B194-6CB2-412A-805B-E21A92953663}.Release|iPhone.Deploy.0 = Release|iPhone
		{5B62B194-6CB2-412A-805B-E21A92953663}.Release|iPhoneSimulator.ActiveCfg = Release|iPhoneSimulator
		{5B62B194-6CB2-412A-805B-E21A92953663}.Release|iPhoneSimulator.Build.0 = Release|iPhoneSimulator
		{5B62B194-6CB2-412A-805B-E21A92953663}.Release|iPhoneSimulator.Deploy.0 = Release|iPhoneSimulator
		{5B62B194-6CB2-412A-805B-E21A92953663}.Release|x64.ActiveCfg = Release|iPhone
		{5B62B194-6CB2-412A-805B-E21A92953663}.Release|x64.Build.0 = Release|iPhone
		{5B62B194-6CB2-412A-805B-E21A92953663}.Release|x64.Deploy.0 = Release|iPhone
		{5B62B194-6CB2-412A-805B-E21A92953663}.Release|x86.ActiveCfg = Release|iPhone
		{5B62B194-6CB2-412A-805B-E21A92953663}.Release|x86.Build.0 = Release|iPhone
		{5B62B194-6CB2-412A-805B-E21A92953663}.Release|x86.Deploy.0 = Release|iPhone
		{26E28391-FC35-49C5-80E6-42FD0AE93723}.Debug|Any CPU.ActiveCfg = Debug|Any CPU
		{26E28391-FC35-49C5-80E6-42FD0AE93723}.Debug|Any CPU.Build.0 = Debug|Any CPU
		{26E28391-FC35-49C5-80E6-42FD0AE93723}.Debug|Any CPU.Deploy.0 = Debug|Any CPU
		{26E28391-FC35-49C5-80E6-42FD0AE93723}.Debug|ARM.ActiveCfg = Debug|Any CPU
		{26E28391-FC35-49C5-80E6-42FD0AE93723}.Debug|ARM.Build.0 = Debug|Any CPU
		{26E28391-FC35-49C5-80E6-42FD0AE93723}.Debug|ARM.Deploy.0 = Debug|Any CPU
		{26E28391-FC35-49C5-80E6-42FD0AE93723}.Debug|iPhone.ActiveCfg = Debug|Any CPU
		{26E28391-FC35-49C5-80E6-42FD0AE93723}.Debug|iPhone.Build.0 = Debug|Any CPU
		{26E28391-FC35-49C5-80E6-42FD0AE93723}.Debug|iPhone.Deploy.0 = Debug|Any CPU
		{26E28391-FC35-49C5-80E6-42FD0AE93723}.Debug|iPhoneSimulator.ActiveCfg = Debug|Any CPU
		{26E28391-FC35-49C5-80E6-42FD0AE93723}.Debug|iPhoneSimulator.Build.0 = Debug|Any CPU
		{26E28391-FC35-49C5-80E6-42FD0AE93723}.Debug|iPhoneSimulator.Deploy.0 = Debug|Any CPU
		{26E28391-FC35-49C5-80E6-42FD0AE93723}.Debug|x64.ActiveCfg = Debug|Any CPU
		{26E28391-FC35-49C5-80E6-42FD0AE93723}.Debug|x64.Build.0 = Debug|Any CPU
		{26E28391-FC35-49C5-80E6-42FD0AE93723}.Debug|x64.Deploy.0 = Debug|Any CPU
		{26E28391-FC35-49C5-80E6-42FD0AE93723}.Debug|x86.ActiveCfg = Debug|Any CPU
		{26E28391-FC35-49C5-80E6-42FD0AE93723}.Debug|x86.Build.0 = Debug|Any CPU
		{26E28391-FC35-49C5-80E6-42FD0AE93723}.Debug|x86.Deploy.0 = Debug|Any CPU
		{26E28391-FC35-49C5-80E6-42FD0AE93723}.Release|Any CPU.ActiveCfg = Release|Any CPU
		{26E28391-FC35-49C5-80E6-42FD0AE93723}.Release|Any CPU.Build.0 = Release|Any CPU
		{26E28391-FC35-49C5-80E6-42FD0AE93723}.Release|Any CPU.Deploy.0 = Release|Any CPU
		{26E28391-FC35-49C5-80E6-42FD0AE93723}.Release|ARM.ActiveCfg = Release|Any CPU
		{26E28391-FC35-49C5-80E6-42FD0AE93723}.Release|ARM.Build.0 = Release|Any CPU
		{26E28391-FC35-49C5-80E6-42FD0AE93723}.Release|ARM.Deploy.0 = Release|Any CPU
		{26E28391-FC35-49C5-80E6-42FD0AE93723}.Release|iPhone.ActiveCfg = Release|Any CPU
		{26E28391-FC35-49C5-80E6-42FD0AE93723}.Release|iPhone.Build.0 = Release|Any CPU
		{26E28391-FC35-49C5-80E6-42FD0AE93723}.Release|iPhone.Deploy.0 = Release|Any CPU
		{26E28391-FC35-49C5-80E6-42FD0AE93723}.Release|iPhoneSimulator.ActiveCfg = Release|Any CPU
		{26E28391-FC35-49C5-80E6-42FD0AE93723}.Release|iPhoneSimulator.Build.0 = Release|Any CPU
		{26E28391-FC35-49C5-80E6-42FD0AE93723}.Release|iPhoneSimulator.Deploy.0 = Release|Any CPU
		{26E28391-FC35-49C5-80E6-42FD0AE93723}.Release|x64.ActiveCfg = Release|Any CPU
		{26E28391-FC35-49C5-80E6-42FD0AE93723}.Release|x64.Build.0 = Release|Any CPU
		{26E28391-FC35-49C5-80E6-42FD0AE93723}.Release|x64.Deploy.0 = Release|Any CPU
		{26E28391-FC35-49C5-80E6-42FD0AE93723}.Release|x86.ActiveCfg = Release|Any CPU
		{26E28391-FC35-49C5-80E6-42FD0AE93723}.Release|x86.Build.0 = Release|Any CPU
		{26E28391-FC35-49C5-80E6-42FD0AE93723}.Release|x86.Deploy.0 = Release|Any CPU
	EndGlobalSection
	GlobalSection(SolutionProperties) = preSolution
		HideSolutionNode = FALSE
	EndGlobalSection
	GlobalSection(ExtensibilityGlobals) = postSolution
		SolutionGuid = {4FC1A1BB-6204-43C3-ACBD-1E6974148653}
	EndGlobalSection
EndGlobal
